
Microsoft Visual Studio Solution File, Format Version 12.00
# Visual Studio Version 17
VisualStudioVersion = 17.0.32126.317
MinimumVisualStudioVersion = 10.0.40219.1
Project("{FAE04EC0-301F-11D3-BF4B-00C04F79EFBC}") = "Test0705", "Test0705\Test0705.csproj", "{5004363A-2A52-4C01-B8AF-93B69F40EBFA}"
EndProject
Global
	GlobalSection(SolutionConfigurationPlatforms) = preSolution
		Debug|Any CPU = Debug|Any CPU
		Release|Any CPU = Release|Any CPU
	EndGlobalSection
	GlobalSection(ProjectConfigurationPlatforms) = postSolution
		{5004363A-2A52-4C01-B8AF-93B69F40EBFA}.Debug|Any CPU.ActiveCfg = Debug|Any CPU
		{5004363A-2A52-4C01-B8AF-93B69F40EBFA}.Debug|Any CPU.Build.0 = Debug|Any CPU
		{5004363A-2A52-4C01-B8AF-93B69F40EBFA}.Release|Any CPU.ActiveCfg = Release|Any CPU
		{5004363A-2A52-4C01-B8AF-93B69F40EBFA}.Release|Any CPU.Build.0 = Release|Any CPU
	EndGlobalSection
	GlobalSection(SolutionProperties) = preSolution
		HideSolutionNode = FALSE
	EndGlobalSection
	GlobalSection(ExtensibilityGlobals) = postSolution
		SolutionGuid = {61FCE6AC-2AE9-4991-9203-B3ED04E59E89}
	EndGlobalSection
EndGlobal
